
Microsoft Visual Studio Solution File, Format Version 12.00
# Visual Studio 15
VisualStudioVersion = 15.0.28010.2036
MinimumVisualStudioVersion = 10.0.40219.1
Project("{8BC9CEB8-8B4A-11D0-8D11-00A0C91BC942}") = "MarkdownView", "HTMLView\MarkdownView.vcxproj", "{4484CE9C-8224-484D-AEB9-03B2A9449DEF}"
	ProjectSection(ProjectDependencies) = postProject
		{68DC0090-5AA4-4450-AD7B-2EAC4F35E583} = {68DC0090-5AA4-4450-AD7B-2EAC4F35E583}
	EndProjectSection
EndProject
Project("{8BC9CEB8-8B4A-11D0-8D11-00A0C91BC942}") = "hoedown", "Hoedown\hoedown.vcxproj", "{43D67A53-AB8C-4B9B-A610-0D3A8E66C555}"
	ProjectSection(ProjectDependencies) = postProject
		{68DC0090-5AA4-4450-AD7B-2EAC4F35E583} = {68DC0090-5AA4-4450-AD7B-2EAC4F35E583}
		{7A6D11D0-D731-4B55-A541-9D4BF4B8D4AC} = {7A6D11D0-D731-4B55-A541-9D4BF4B8D4AC}
	EndProjectSection
EndProject
Project("{8BC9CEB8-8B4A-11D0-8D11-00A0C91BC942}") = "hoedown-lib", "Hoedown\hoedown-lib.vcxproj", "{68DC0090-5AA4-4450-AD7B-2EAC4F35E583}"
EndProject
Project("{8BC9CEB8-8B4A-11D0-8D11-00A0C91BC942}") = "smartypants", "Hoedown\smartypants.vcxproj", "{7A6D11D0-D731-4B55-A541-9D4BF4B8D4AC}"
	ProjectSection(ProjectDependencies) = postProject
		{68DC0090-5AA4-4450-AD7B-2EAC4F35E583} = {68DC0090-5AA4-4450-AD7B-2EAC4F35E583}
	EndProjectSection
EndProject
Global
	GlobalSection(SolutionConfigurationPlatforms) = preSolution
		Debug|Win32 = Debug|Win32
		Debug|x64 = Debug|x64
		Release|Win32 = Release|Win32
		Release|x64 = Release|x64
	EndGlobalSection
	GlobalSection(ProjectConfigurationPlatforms) = postSolution
		{4484CE9C-8224-484D-AEB9-03B2A9449DEF}.Debug|Win32.ActiveCfg = Debug|Win32
		{4484CE9C-8224-484D-AEB9-03B2A9449DEF}.Debug|Win32.Build.0 = Debug|Win32
		{4484CE9C-8224-484D-AEB9-03B2A9449DEF}.Debug|x64.ActiveCfg = Debug|x64
		{4484CE9C-8224-484D-AEB9-03B2A9449DEF}.Debug|x64.Build.0 = Debug|x64
		{4484CE9C-8224-484D-AEB9-03B2A9449DEF}.Release|Win32.ActiveCfg = Release|Win32
		{4484CE9C-8224-484D-AEB9-03B2A9449DEF}.Release|Win32.Build.0 = Release|Win32
		{4484CE9C-8224-484D-AEB9-03B2A9449DEF}.Release|x64.ActiveCfg = Release|x64
		{4484CE9C-8224-484D-AEB9-03B2A9449DEF}.Release|x64.Build.0 = Release|x64
		{43D67A53-AB8C-4B9B-A610-0D3A8E66C555}.Debug|Win32.ActiveCfg = Debug|Win32
		{43D67A53-AB8C-4B9B-A610-0D3A8E66C555}.Debug|Win32.Build.0 = Debug|Win32
		{43D67A53-AB8C-4B9B-A610-0D3A8E66C555}.Debug|x64.ActiveCfg = Debug|x64
		{43D67A53-AB8C-4B9B-A610-0D3A8E66C555}.Debug|x64.Build.0 = Debug|x64
		{43D67A53-AB8C-4B9B-A610-0D3A8E66C555}.Release|Win32.ActiveCfg = Release|Win32
		{43D67A53-AB8C-4B9B-A610-0D3A8E66C555}.Release|Win32.Build.0 = Release|Win32
		{43D67A53-AB8C-4B9B-A610-0D3A8E66C555}.Release|x64.ActiveCfg = Release|x64
		{43D67A53-AB8C-4B9B-A610-0D3A8E66C555}.Release|x64.Build.0 = Release|x64
		{68DC0090-5AA4-4450-AD7B-2EAC4F35E583}.Debug|Win32.ActiveCfg = Debug|Win32
		{68DC0090-5AA4-4450-AD7B-2EAC4F35E583}.Debug|Win32.Build.0 = Debug|Win32
		{68DC0090-5AA4-4450-AD7B-2EAC4F35E583}.Debug|x64.ActiveCfg = Debug|x64
		{68DC0090-5AA4-4450-AD7B-2EAC4F35E583}.Debug|x64.Build.0 = Debug|x64
		{68DC0090-5AA4-4450-AD7B-2EAC4F35E583}.Release|Win32.ActiveCfg = Release|Win32
		{68DC0090-5AA4-4450-AD7B-2EAC4F35E583}.Release|Win32.Build.0 = Release|Win32
		{68DC0090-5AA4-4450-AD7B-2EAC4F35E583}.Release|x64.ActiveCfg = Release|x64
		{68DC0090-5AA4-4450-AD7B-2EAC4F35E583}.Release|x64.Build.0 = Release|x64
		{7A6D11D0-D731-4B55-A541-9D4BF4B8D4AC}.Debug|Win32.ActiveCfg = Debug|Win32
		{7A6D11D0-D731-4B55-A541-9D4BF4B8D4AC}.Debug|Win32.Build.0 = Debug|Win32
		{7A6D11D0-D731-4B55-A541-9D4BF4B8D4AC}.Debug|x64.ActiveCfg = Debug|x64
		{7A6D11D0-D731-4B55-A541-9D4BF4B8D4AC}.Debug|x64.Build.0 = Debug|x64
		{7A6D11D0-D731-4B55-A541-9D4BF4B8D4AC}.Release|Win32.ActiveCfg = Release|Win32
		{7A6D11D0-D731-4B55-A541-9D4BF4B8D4AC}.Release|Win32.Build.0 = Release|Win32
		{7A6D11D0-D731-4B55-A541-9D4BF4B8D4AC}.Release|x64.ActiveCfg = Release|x64
		{7A6D11D0-D731-4B55-A541-9D4BF4B8D4AC}.Release|x64.Build.0 = Release|x64
	EndGlobalSection
	GlobalSection(SolutionProperties) = preSolution
		HideSolutionNode = FALSE
	EndGlobalSection
	GlobalSection(ExtensibilityGlobals) = postSolution
		SolutionGuid = {C1144FB4-DF60-4529-9A25-8B389BB7F947}
	EndGlobalSection
EndGlobal
